
Microsoft Visual Studio Solution File, Format Version 12.00
# Visual Studio Version 16
VisualStudioVersion = 16.0.30204.135
MinimumVisualStudioVersion = 10.0.40219.1
Project("{FAE04EC0-301F-11D3-BF4B-00C04F79EFBC}") = "Razor", "Razor\Razor.csproj", "{47AC392D-5A5A-47E3-92C8-DA173BB22A71}"
EndProject
Global
	GlobalSection(SolutionConfigurationPlatforms) = preSolution
		Debug|Any CPU = Debug|Any CPU
		Release|Any CPU = Release|Any CPU
	EndGlobalSection
	GlobalSection(ProjectConfigurationPlatforms) = postSolution
		{47AC392D-5A5A-47E3-92C8-DA173BB22A71}.Debug|Any CPU.ActiveCfg = Debug|Any CPU
		{47AC392D-5A5A-47E3-92C8-DA173BB22A71}.Debug|Any CPU.Build.0 = Debug|Any CPU
		{47AC392D-5A5A-47E3-92C8-DA173BB22A71}.Release|Any CPU.ActiveCfg = Release|Any CPU
		{47AC392D-5A5A-47E3-92C8-DA173BB22A71}.Release|Any CPU.Build.0 = Release|Any CPU
	EndGlobalSection
	GlobalSection(SolutionProperties) = preSolution
		HideSolutionNode = FALSE
	EndGlobalSection
	GlobalSection(ExtensibilityGlobals) = postSolution
		SolutionGuid = {C78FB054-CFB9-419C-9F9D-23E1C85057E9}
	EndGlobalSection
EndGlobal
